
Microsoft Visual Studio Solution File, Format Version 12.00
# Visual Studio Version 16
VisualStudioVersion = 16.0.31205.134
MinimumVisualStudioVersion = 10.0.40219.1
Project("{FAE04EC0-301F-11D3-BF4B-00C04F79EFBC}") = "Clase teorica2907", "Clase teorica2907\Clase teorica2907.csproj", "{F4715469-2F80-4D3D-9F25-9D3920C94466}"
EndProject
Project("{FAE04EC0-301F-11D3-BF4B-00C04F79EFBC}") = "Variables", "Variables\Variables.csproj", "{8894454E-CDD6-4FBE-AA32-7169E98FAA76}"
EndProject
Global
	GlobalSection(SolutionConfigurationPlatforms) = preSolution
		Debug|Any CPU = Debug|Any CPU
		Release|Any CPU = Release|Any CPU
	EndGlobalSection
	GlobalSection(ProjectConfigurationPlatforms) = postSolution
		{F4715469-2F80-4D3D-9F25-9D3920C94466}.Debug|Any CPU.ActiveCfg = Debug|Any CPU
		{F4715469-2F80-4D3D-9F25-9D3920C94466}.Debug|Any CPU.Build.0 = Debug|Any CPU
		{F4715469-2F80-4D3D-9F25-9D3920C94466}.Release|Any CPU.ActiveCfg = Release|Any CPU
		{F4715469-2F80-4D3D-9F25-9D3920C94466}.Release|Any CPU.Build.0 = Release|Any CPU
		{8894454E-CDD6-4FBE-AA32-7169E98FAA76}.Debug|Any CPU.ActiveCfg = Debug|Any CPU
		{8894454E-CDD6-4FBE-AA32-7169E98FAA76}.Debug|Any CPU.Build.0 = Debug|Any CPU
		{8894454E-CDD6-4FBE-AA32-7169E98FAA76}.Release|Any CPU.ActiveCfg = Release|Any CPU
		{8894454E-CDD6-4FBE-AA32-7169E98FAA76}.Release|Any CPU.Build.0 = Release|Any CPU
	EndGlobalSection
	GlobalSection(SolutionProperties) = preSolution
		HideSolutionNode = FALSE
	EndGlobalSection
	GlobalSection(ExtensibilityGlobals) = postSolution
		SolutionGuid = {8C84D782-7BA3-41E5-A949-FAA1D4DE34DF}
	EndGlobalSection
EndGlobal
